
Microsoft Visual Studio Solution File, Format Version 12.00
# Visual Studio 14
VisualStudioVersion = 14.0.25123.0
MinimumVisualStudioVersion = 10.0.40219.1
Project("{FAE04EC0-301F-11D3-BF4B-00C04F79EFBC}") = "TracerGL", "TracerGL\TracerGL.csproj", "{7374E94F-71B3-4662-85CB-DFCE733CFAFA}"
EndProject
Project("{FAE04EC0-301F-11D3-BF4B-00C04F79EFBC}") = "TracerRenderer", "TracerRenderer\TracerRenderer.csproj", "{F61AF2A8-2953-4320-B027-9808C86F762E}"
EndProject
Global
	GlobalSection(SolutionConfigurationPlatforms) = preSolution
		Debug|Any CPU = Debug|Any CPU
		Release|Any CPU = Release|Any CPU
	EndGlobalSection
	GlobalSection(ProjectConfigurationPlatforms) = postSolution
		{7374E94F-71B3-4662-85CB-DFCE733CFAFA}.Debug|Any CPU.ActiveCfg = Debug|Any CPU
		{7374E94F-71B3-4662-85CB-DFCE733CFAFA}.Debug|Any CPU.Build.0 = Debug|Any CPU
		{7374E94F-71B3-4662-85CB-DFCE733CFAFA}.Release|Any CPU.ActiveCfg = Release|Any CPU
		{7374E94F-71B3-4662-85CB-DFCE733CFAFA}.Release|Any CPU.Build.0 = Release|Any CPU
		{F61AF2A8-2953-4320-B027-9808C86F762E}.Debug|Any CPU.ActiveCfg = Debug|Any CPU
		{F61AF2A8-2953-4320-B027-9808C86F762E}.Debug|Any CPU.Build.0 = Debug|Any CPU
		{F61AF2A8-2953-4320-B027-9808C86F762E}.Release|Any CPU.ActiveCfg = Release|Any CPU
		{F61AF2A8-2953-4320-B027-9808C86F762E}.Release|Any CPU.Build.0 = Release|Any CPU
	EndGlobalSection
	GlobalSection(SolutionProperties) = preSolution
		HideSolutionNode = FALSE
	EndGlobalSection
EndGlobal
